// !$*UTF8*$!
{
	archiveVersion = 1;
	classes = {
	};
	objectVersion = 50;
	objects = {

/* Begin PBXBuildFile section */
		403D691B2502829E00A8A63D /* Displayable.swift in Sources */ = {isa = PBXBuildFile; fileRef = 403D691A2502829E00A8A63D /* Displayable.swift */; };
		403D69212502920C00A8A63D /* PostsView.swift in Sources */ = {isa = PBXBuildFile; fileRef = 403D69202502920C00A8A63D /* PostsView.swift */; };
		403D69262502BEF200A8A63D /* GalleryView.swift in Sources */ = {isa = PBXBuildFile; fileRef = 403D69252502BEF200A8A63D /* GalleryView.swift */; };
		403D692C2502E38000A8A63D /* ServiceCell.xib in Resources */ = {isa = PBXBuildFile; fileRef = 403D692B2502E38000A8A63D /* ServiceCell.xib */; };
		403D692E2502E47900A8A63D /* ServiceCell.swift in Sources */ = {isa = PBXBuildFile; fileRef = 403D692D2502E47900A8A63D /* ServiceCell.swift */; };
		403D69312503105000A8A63D /* PostCell.xib in Resources */ = {isa = PBXBuildFile; fileRef = 403D69302503105000A8A63D /* PostCell.xib */; };
		403D69332503105B00A8A63D /* PostCell.swift in Sources */ = {isa = PBXBuildFile; fileRef = 403D69322503105B00A8A63D /* PostCell.swift */; };
		404C9C7E2503C23100BF00D7 /* GalleryCell.swift in Sources */ = {isa = PBXBuildFile; fileRef = 404C9C7D2503C23100BF00D7 /* GalleryCell.swift */; };
		4050614D25015DC5004BDDBA /* HomePageData.swift in Sources */ = {isa = PBXBuildFile; fileRef = 4050614C25015DC5004BDDBA /* HomePageData.swift */; };
		40847925250147860084260D /* AppDelegate.swift in Sources */ = {isa = PBXBuildFile; fileRef = 40847924250147860084260D /* AppDelegate.swift */; };
		40847927250147860084260D /* SceneDelegate.swift in Sources */ = {isa = PBXBuildFile; fileRef = 40847926250147860084260D /* SceneDelegate.swift */; };
		40847929250147860084260D /* ServicesViewController.swift in Sources */ = {isa = PBXBuildFile; fileRef = 40847928250147860084260D /* ServicesViewController.swift */; };
		4084792C250147860084260D /* Main.storyboard in Resources */ = {isa = PBXBuildFile; fileRef = 4084792A250147860084260D /* Main.storyboard */; };
		4084792E250147870084260D /* Assets.xcassets in Resources */ = {isa = PBXBuildFile; fileRef = 4084792D250147870084260D /* Assets.xcassets */; };
		40847931250147870084260D /* LaunchScreen.storyboard in Resources */ = {isa = PBXBuildFile; fileRef = 4084792F250147870084260D /* LaunchScreen.storyboard */; };
		4084793A250148090084260D /* BaseViewController.swift in Sources */ = {isa = PBXBuildFile; fileRef = 40847939250148090084260D /* BaseViewController.swift */; };
		4084793C250148130084260D /* BaseViewModel.swift in Sources */ = {isa = PBXBuildFile; fileRef = 4084793B250148130084260D /* BaseViewModel.swift */; };
		40847942250149C50084260D /* Service.swift in Sources */ = {isa = PBXBuildFile; fileRef = 40847941250149C50084260D /* Service.swift */; };
		4084794425014C090084260D /* Post.swift in Sources */ = {isa = PBXBuildFile; fileRef = 4084794325014C090084260D /* Post.swift */; };
		4084794625014FA70084260D /* ServicesViewModel.swift in Sources */ = {isa = PBXBuildFile; fileRef = 4084794525014FA70084260D /* ServicesViewModel.swift */; };
		4084794825014FE70084260D /* NetworkManager.swift in Sources */ = {isa = PBXBuildFile; fileRef = 4084794725014FE70084260D /* NetworkManager.swift */; };
		40DC25882503144900FCC33C /* ServicesView.swift in Sources */ = {isa = PBXBuildFile; fileRef = 40DC25872503144900FCC33C /* ServicesView.swift */; };
/* End PBXBuildFile section */

/* Begin PBXFileReference section */
		403D691A2502829E00A8A63D /* Displayable.swift */ = {isa = PBXFileReference; lastKnownFileType = sourcecode.swift; path = Displayable.swift; sourceTree = "<group>"; };
		403D69202502920C00A8A63D /* PostsView.swift */ = {isa = PBXFileReference; lastKnownFileType = sourcecode.swift; path = PostsView.swift; sourceTree = "<group>"; };
		403D69252502BEF200A8A63D /* GalleryView.swift */ = {isa = PBXFileReference; lastKnownFileType = sourcecode.swift; path = GalleryView.swift; sourceTree = "<group>"; };
		403D692B2502E38000A8A63D /* ServiceCell.xib */ = {isa = PBXFileReference; lastKnownFileType = file.xib; path = ServiceCell.xib; sourceTree = "<group>"; };
		403D692D2502E47900A8A63D /* ServiceCell.swift */ = {isa = PBXFileReference; lastKnownFileType = sourcecode.swift; path = ServiceCell.swift; sourceTree = "<group>"; };
		403D69302503105000A8A63D /* PostCell.xib */ = {isa = PBXFileReference; lastKnownFileType = file.xib; path = PostCell.xib; sourceTree = "<group>"; };
		403D69322503105B00A8A63D /* PostCell.swift */ = {isa = PBXFileReference; lastKnownFileType = sourcecode.swift; path = PostCell.swift; sourceTree = "<group>"; };
		404C9C7D2503C23100BF00D7 /* GalleryCell.swift */ = {isa = PBXFileReference; lastKnownFileType = sourcecode.swift; path = GalleryCell.swift; sourceTree = "<group>"; };
		4050614C25015DC5004BDDBA /* HomePageData.swift */ = {isa = PBXFileReference; lastKnownFileType = sourcecode.swift; path = HomePageData.swift; sourceTree = "<group>"; };
		40847921250147860084260D /* Armut.app */ = {isa = PBXFileReference; explicitFileType = wrapper.application; includeInIndex = 0; path = Armut.app; sourceTree = BUILT_PRODUCTS_DIR; };
		40847924250147860084260D /* AppDelegate.swift */ = {isa = PBXFileReference; lastKnownFileType = sourcecode.swift; path = AppDelegate.swift; sourceTree = "<group>"; };
		40847926250147860084260D /* SceneDelegate.swift */ = {isa = PBXFileReference; lastKnownFileType = sourcecode.swift; path = SceneDelegate.swift; sourceTree = "<group>"; };
		40847928250147860084260D /* ServicesViewController.swift */ = {isa = PBXFileReference; lastKnownFileType = sourcecode.swift; path = ServicesViewController.swift; sourceTree = "<group>"; };
		4084792B250147860084260D /* Base */ = {isa = PBXFileReference; lastKnownFileType = file.storyboard; name = Base; path = Base.lproj/Main.storyboard; sourceTree = "<group>"; };
		4084792D250147870084260D /* Assets.xcassets */ = {isa = PBXFileReference; lastKnownFileType = folder.assetcatalog; path = Assets.xcassets; sourceTree = "<group>"; };
		40847930250147870084260D /* Base */ = {isa = PBXFileReference; lastKnownFileType = file.storyboard; name = Base; path = Base.lproj/LaunchScreen.storyboard; sourceTree = "<group>"; };
		40847932250147870084260D /* Info.plist */ = {isa = PBXFileReference; lastKnownFileType = text.plist.xml; path = Info.plist; sourceTree = "<group>"; };
		40847939250148090084260D /* BaseViewController.swift */ = {isa = PBXFileReference; lastKnownFileType = sourcecode.swift; path = BaseViewController.swift; sourceTree = "<group>"; };
		4084793B250148130084260D /* BaseViewModel.swift */ = {isa = PBXFileReference; lastKnownFileType = sourcecode.swift; path = BaseViewModel.swift; sourceTree = "<group>"; };
		40847941250149C50084260D /* Service.swift */ = {isa = PBXFileReference; lastKnownFileType = sourcecode.swift; path = Service.swift; sourceTree = "<group>"; };
		4084794325014C090084260D /* Post.swift */ = {isa = PBXFileReference; lastKnownFileType = sourcecode.swift; path = Post.swift; sourceTree = "<group>"; };
		4084794525014FA70084260D /* ServicesViewModel.swift */ = {isa = PBXFileReference; lastKnownFileType = sourcecode.swift; path = ServicesViewModel.swift; sourceTree = "<group>"; };
		4084794725014FE70084260D /* NetworkManager.swift */ = {isa = PBXFileReference; lastKnownFileType = sourcecode.swift; path = NetworkManager.swift; sourceTree = "<group>"; };
		40DC25872503144900FCC33C /* ServicesView.swift */ = {isa = PBXFileReference; lastKnownFileType = sourcecode.swift; path = ServicesView.swift; sourceTree = "<group>"; };
/* End PBXFileReference section */

/* Begin PBXFrameworksBuildPhase section */
		4084791E250147860084260D /* Frameworks */ = {
			isa = PBXFrameworksBuildPhase;
			buildActionMask = 2147483647;
			files = (
			);
			runOnlyForDeploymentPostprocessing = 0;
		};
/* End PBXFrameworksBuildPhase section */

/* Begin PBXGroup section */
		403D69182502818E00A8A63D /* Views */ = {
			isa = PBXGroup;
			children = (
				403D692F25030F2C00A8A63D /* PostCell */,
				403D692A2502E31C00A8A63D /* ServiceCell */,
				403D69242502BEE500A8A63D /* Base */,
				403D69202502920C00A8A63D /* PostsView.swift */,
				40DC25872503144900FCC33C /* ServicesView.swift */,
			);
			path = Views;
			sourceTree = "<group>";
		};
		403D69192502824700A8A63D /* Base */ = {
			isa = PBXGroup;
			children = (
				403D691A2502829E00A8A63D /* Displayable.swift */,
			);
			path = Base;
			sourceTree = "<group>";
		};
		403D69242502BEE500A8A63D /* Base */ = {
			isa = PBXGroup;
			children = (
				403D69252502BEF200A8A63D /* GalleryView.swift */,
				404C9C7D2503C23100BF00D7 /* GalleryCell.swift */,
			);
			path = Base;
			sourceTree = "<group>";
		};
		403D692A2502E31C00A8A63D /* ServiceCell */ = {
			isa = PBXGroup;
			children = (
				403D692B2502E38000A8A63D /* ServiceCell.xib */,
				403D692D2502E47900A8A63D /* ServiceCell.swift */,
			);
			path = ServiceCell;
			sourceTree = "<group>";
		};
		403D692F25030F2C00A8A63D /* PostCell */ = {
			isa = PBXGroup;
			children = (
				403D69302503105000A8A63D /* PostCell.xib */,
				403D69322503105B00A8A63D /* PostCell.swift */,
			);
			path = PostCell;
			sourceTree = "<group>";
		};
		40847918250147860084260D = {
			isa = PBXGroup;
			children = (
				40847923250147860084260D /* Armut */,
				40847922250147860084260D /* Products */,
			);
			sourceTree = "<group>";
		};
		40847922250147860084260D /* Products */ = {
			isa = PBXGroup;
			children = (
				40847921250147860084260D /* Armut.app */,
			);
			name = Products;
			sourceTree = "<group>";
		};
		40847923250147860084260D /* Armut */ = {
			isa = PBXGroup;
			children = (
				40847940250149BA0084260D /* Model */,
				4084793E250148A10084260D /* Scenes */,
				40847938250147F90084260D /* Base */,
				40847924250147860084260D /* AppDelegate.swift */,
				40847926250147860084260D /* SceneDelegate.swift */,
				4084792D250147870084260D /* Assets.xcassets */,
				4084792F250147870084260D /* LaunchScreen.storyboard */,
				40847932250147870084260D /* Info.plist */,
			);
			path = Armut;
			sourceTree = "<group>";
		};
		40847938250147F90084260D /* Base */ = {
			isa = PBXGroup;
			children = (
				40847939250148090084260D /* BaseViewController.swift */,
				4084793B250148130084260D /* BaseViewModel.swift */,
			);
			path = Base;
			sourceTree = "<group>";
		};
		4084793E250148A10084260D /* Scenes */ = {
			isa = PBXGroup;
			children = (
				4084792A250147860084260D /* Main.storyboard */,
				4084793F250148AD0084260D /* Services */,
			);
			path = Scenes;
			sourceTree = "<group>";
		};
		4084793F250148AD0084260D /* Services */ = {
			isa = PBXGroup;
			children = (
				403D69182502818E00A8A63D /* Views */,
				40847928250147860084260D /* ServicesViewController.swift */,
				4084794525014FA70084260D /* ServicesViewModel.swift */,
			);
			path = Services;
			sourceTree = "<group>";
		};
		40847940250149BA0084260D /* Model */ = {
			isa = PBXGroup;
			children = (
				403D69192502824700A8A63D /* Base */,
				40847941250149C50084260D /* Service.swift */,
				4084794325014C090084260D /* Post.swift */,
				4084794725014FE70084260D /* NetworkManager.swift */,
				4050614C25015DC5004BDDBA /* HomePageData.swift */,
			);
			path = Model;
			sourceTree = "<group>";
		};
/* End PBXGroup section */

/* Begin PBXNativeTarget section */
		40847920250147860084260D /* Armut */ = {
			isa = PBXNativeTarget;
			buildConfigurationList = 40847935250147870084260D /* Build configuration list for PBXNativeTarget "Armut" */;
			buildPhases = (
				4084791D250147860084260D /* Sources */,
				4084791E250147860084260D /* Frameworks */,
				4084791F250147860084260D /* Resources */,
			);
			buildRules = (
			);
			dependencies = (
			);
			name = Armut;
			productName = Armut;
			productReference = 40847921250147860084260D /* Armut.app */;
			productType = "com.apple.product-type.application";
		};
/* End PBXNativeTarget section */

/* Begin PBXProject section */
		40847919250147860084260D /* Project object */ = {
			isa = PBXProject;
			attributes = {
				LastSwiftUpdateCheck = 1170;
				LastUpgradeCheck = 1170;
				ORGANIZATIONNAME = "Deniz Mavi";
				TargetAttributes = {
					40847920250147860084260D = {
						CreatedOnToolsVersion = 11.7;
					};
				};
			};
			buildConfigurationList = 4084791C250147860084260D /* Build configuration list for PBXProject "Armut" */;
			compatibilityVersion = "Xcode 9.3";
			developmentRegion = en;
			hasScannedForEncodings = 0;
			knownRegions = (
				en,
				Base,
			);
			mainGroup = 40847918250147860084260D;
			productRefGroup = 40847922250147860084260D /* Products */;
			projectDirPath = "";
			projectRoot = "";
			targets = (
				40847920250147860084260D /* Armut */,
			);
		};
/* End PBXProject section */

/* Begin PBXResourcesBuildPhase section */
		4084791F250147860084260D /* Resources */ = {
			isa = PBXResourcesBuildPhase;
			buildActionMask = 2147483647;
			files = (
				403D692C2502E38000A8A63D /* ServiceCell.xib in Resources */,
				40847931250147870084260D /* LaunchScreen.storyboard in Resources */,
				403D69312503105000A8A63D /* PostCell.xib in Resources */,
				4084792E250147870084260D /* Assets.xcassets in Resources */,
				4084792C250147860084260D /* Main.storyboard in Resources */,
			);
			runOnlyForDeploymentPostprocessing = 0;
		};
/* End PBXResourcesBuildPhase section */

/* Begin PBXSourcesBuildPhase section */
		4084791D250147860084260D /* Sources */ = {
			isa = PBXSourcesBuildPhase;
			buildActionMask = 2147483647;
			files = (
				403D69212502920C00A8A63D /* PostsView.swift in Sources */,
				4084794825014FE70084260D /* NetworkManager.swift in Sources */,
				40847929250147860084260D /* ServicesViewController.swift in Sources */,
				4084793C250148130084260D /* BaseViewModel.swift in Sources */,
				4084793A250148090084260D /* BaseViewController.swift in Sources */,
				403D69262502BEF200A8A63D /* GalleryView.swift in Sources */,
				40847925250147860084260D /* AppDelegate.swift in Sources */,
				403D69332503105B00A8A63D /* PostCell.swift in Sources */,
				403D692E2502E47900A8A63D /* ServiceCell.swift in Sources */,
				4050614D25015DC5004BDDBA /* HomePageData.swift in Sources */,
				40847927250147860084260D /* SceneDelegate.swift in Sources */,
				4084794425014C090084260D /* Post.swift in Sources */,
				40DC25882503144900FCC33C /* ServicesView.swift in Sources */,
				404C9C7E2503C23100BF00D7 /* GalleryCell.swift in Sources */,
				40847942250149C50084260D /* Service.swift in Sources */,
				403D691B2502829E00A8A63D /* Displayable.swift in Sources */,
				4084794625014FA70084260D /* ServicesViewModel.swift in Sources */,
			);
			runOnlyForDeploymentPostprocessing = 0;
		};
/* End PBXSourcesBuildPhase section */

/* Begin PBXVariantGroup section */
		4084792A250147860084260D /* Main.storyboard */ = {
			isa = PBXVariantGroup;
			children = (
				4084792B250147860084260D /* Base */,
			);
			name = Main.storyboard;
			sourceTree = "<group>";
		};
		4084792F250147870084260D /* LaunchScreen.storyboard */ = {
			isa = PBXVariantGroup;
			children = (
				40847930250147870084260D /* Base */,
			);
			name = LaunchScreen.storyboard;
			sourceTree = "<group>";
		};
/* End PBXVariantGroup section */

/* Begin XCBuildConfiguration section */
		40847933250147870084260D /* Debug */ = {
			isa = XCBuildConfiguration;
			buildSettings = {
				ALWAYS_SEARCH_USER_PATHS = NO;
				CLANG_ANALYZER_NONNULL = YES;
				CLANG_ANALYZER_NUMBER_OBJECT_CONVERSION = YES_AGGRESSIVE;
				CLANG_CXX_LANGUAGE_STANDARD = "gnu++14";
				CLANG_CXX_LIBRARY = "libc++";
				CLANG_ENABLE_MODULES = YES;
				CLANG_ENABLE_OBJC_ARC = YES;
				CLANG_ENABLE_OBJC_WEAK = YES;
				CLANG_WARN_BLOCK_CAPTURE_AUTORELEASING = YES;
				CLANG_WARN_BOOL_CONVERSION = YES;
				CLANG_WARN_COMMA = YES;
				CLANG_WARN_CONSTANT_CONVERSION = YES;
				CLANG_WARN_DEPRECATED_OBJC_IMPLEMENTATIONS = YES;
				CLANG_WARN_DIRECT_OBJC_ISA_USAGE = YES_ERROR;
				CLANG_WARN_DOCUMENTATION_COMMENTS = YES;
				CLANG_WARN_EMPTY_BODY = YES;
				CLANG_WARN_ENUM_CONVERSION = YES;
				CLANG_WARN_INFINITE_RECURSION = YES;
				CLANG_WARN_INT_CONVERSION = YES;
				CLANG_WARN_NON_LITERAL_NULL_CONVERSION = YES;
				CLANG_WARN_OBJC_IMPLICIT_RETAIN_SELF = YES;
				CLANG_WARN_OBJC_LITERAL_CONVERSION = YES;
				CLANG_WARN_OBJC_ROOT_CLASS = YES_ERROR;
				CLANG_WARN_RANGE_LOOP_ANALYSIS = YES;
				CLANG_WARN_STRICT_PROTOTYPES = YES;
				CLANG_WARN_SUSPICIOUS_MOVE = YES;
				CLANG_WARN_UNGUARDED_AVAILABILITY = YES_AGGRESSIVE;
				CLANG_WARN_UNREACHABLE_CODE = YES;
				CLANG_WARN__DUPLICATE_METHOD_MATCH = YES;
				COPY_PHASE_STRIP = NO;
				DEBUG_INFORMATION_FORMAT = dwarf;
				ENABLE_STRICT_OBJC_MSGSEND = YES;
				ENABLE_TESTABILITY = YES;
				GCC_C_LANGUAGE_STANDARD = gnu11;
				GCC_DYNAMIC_NO_PIC = NO;
				GCC_NO_COMMON_BLOCKS = YES;
				GCC_OPTIMIZATION_LEVEL = 0;
				GCC_PREPROCESSOR_DEFINITIONS = (
					"DEBUG=1",
					"$(inherited)",
				);
				GCC_WARN_64_TO_32_BIT_CONVERSION = YES;
				GCC_WARN_ABOUT_RETURN_TYPE = YES_ERROR;
				GCC_WARN_UNDECLARED_SELECTOR = YES;
				GCC_WARN_UNINITIALIZED_AUTOS = YES_AGGRESSIVE;
				GCC_WARN_UNUSED_FUNCTION = YES;
				GCC_WARN_UNUSED_VARIABLE = YES;
				IPHONEOS_DEPLOYMENT_TARGET = 13.7;
				MTL_ENABLE_DEBUG_INFO = INCLUDE_SOURCE;
				MTL_FAST_MATH = YES;
				ONLY_ACTIVE_ARCH = YES;
				SDKROOT = iphoneos;
				SWIFT_ACTIVE_COMPILATION_CONDITIONS = DEBUG;
				SWIFT_OPTIMIZATION_LEVEL = "-Onone";
			};
			name = Debug;
		};
		40847934250147870084260D /* Release */ = {
			isa = XCBuildConfiguration;
			buildSettings = {
				ALWAYS_SEARCH_USER_PATHS = NO;
				CLANG_ANALYZER_NONNULL = YES;
				CLANG_ANALYZER_NUMBER_OBJECT_CONVERSION = YES_AGGRESSIVE;
				CLANG_CXX_LANGUAGE_STANDARD = "gnu++14";
				CLANG_CXX_LIBRARY = "libc++";
				CLANG_ENABLE_MODULES = YES;
				CLANG_ENABLE_OBJC_ARC = YES;
				CLANG_ENABLE_OBJC_WEAK = YES;
				CLANG_WARN_BLOCK_CAPTURE_AUTORELEASING = YES;
				CLANG_WARN_BOOL_CONVERSION = YES;
				CLANG_WARN_COMMA = YES;
				CLANG_WARN_CONSTANT_CONVERSION = YES;
				CLANG_WARN_DEPRECATED_OBJC_IMPLEMENTATIONS = YES;
				CLANG_WARN_DIRECT_OBJC_ISA_USAGE = YES_ERROR;
				CLANG_WARN_DOCUMENTATION_COMMENTS = YES;
				CLANG_WARN_EMPTY_BODY = YES;
				CLANG_WARN_ENUM_CONVERSION = YES;
				CLANG_WARN_INFINITE_RECURSION = YES;
				CLANG_WARN_INT_CONVERSION = YES;
				CLANG_WARN_NON_LITERAL_NULL_CONVERSION = YES;
				CLANG_WARN_OBJC_IMPLICIT_RETAIN_SELF = YES;
				CLANG_WARN_OBJC_LITERAL_CONVERSION = YES;
				CLANG_WARN_OBJC_ROOT_CLASS = YES_ERROR;
				CLANG_WARN_RANGE_LOOP_ANALYSIS = YES;
				CLANG_WARN_STRICT_PROTOTYPES = YES;
				CLANG_WARN_SUSPICIOUS_MOVE = YES;
				CLANG_WARN_UNGUARDED_AVAILABILITY = YES_AGGRESSIVE;
				CLANG_WARN_UNREACHABLE_CODE = YES;
				CLANG_WARN__DUPLICATE_METHOD_MATCH = YES;
				COPY_PHASE_STRIP = NO;
				DEBUG_INFORMATION_FORMAT = "dwarf-with-dsym";
				ENABLE_NS_ASSERTIONS = NO;
				ENABLE_STRICT_OBJC_MSGSEND = YES;
				GCC_C_LANGUAGE_STANDARD = gnu11;
				GCC_NO_COMMON_BLOCKS = YES;
				GCC_WARN_64_TO_32_BIT_CONVERSION = YES;
				GCC_WARN_ABOUT_RETURN_TYPE = YES_ERROR;
				GCC_WARN_UNDECLARED_SELECTOR = YES;
				GCC_WARN_UNINITIALIZED_AUTOS = YES_AGGRESSIVE;
				GCC_WARN_UNUSED_FUNCTION = YES;
				GCC_WARN_UNUSED_VARIABLE = YES;
				IPHONEOS_DEPLOYMENT_TARGET = 13.7;
				MTL_ENABLE_DEBUG_INFO = NO;
				MTL_FAST_MATH = YES;
				SDKROOT = iphoneos;
				SWIFT_COMPILATION_MODE = wholemodule;
				SWIFT_OPTIMIZATION_LEVEL = "-O";
				VALIDATE_PRODUCT = YES;
			};
			name = Release;
		};
		40847936250147870084260D /* Debug */ = {
			isa = XCBuildConfiguration;
			buildSettings = {
				ASSETCATALOG_COMPILER_APPICON_NAME = AppIcon;
				CODE_SIGN_STYLE = Automatic;
				DEVELOPMENT_TEAM = 5ZV646552Y;
				INFOPLIST_FILE = Armut/Info.plist;
				IPHONEOS_DEPLOYMENT_TARGET = 13.5;
				LD_RUNPATH_SEARCH_PATHS = (
					"$(inherited)",
					"@executable_path/Frameworks",
				);
				PRODUCT_BUNDLE_IDENTIFIER = lionsfall.Armut;
				PRODUCT_NAME = "$(TARGET_NAME)";
				SWIFT_VERSION = 5.0;
				TARGETED_DEVICE_FAMILY = "1,2";
			};
			name = Debug;
		};
		40847937250147870084260D /* Release */ = {
			isa = XCBuildConfiguration;
			buildSettings = {
				ASSETCATALOG_COMPILER_APPICON_NAME = AppIcon;
				CODE_SIGN_STYLE = Automatic;
				DEVELOPMENT_TEAM = 5ZV646552Y;
				INFOPLIST_FILE = Armut/Info.plist;
				IPHONEOS_DEPLOYMENT_TARGET = 13.5;
				LD_RUNPATH_SEARCH_PATHS = (
					"$(inherited)",
					"@executable_path/Frameworks",
				);
				PRODUCT_BUNDLE_IDENTIFIER = lionsfall.Armut;
				PRODUCT_NAME = "$(TARGET_NAME)";
				SWIFT_VERSION = 5.0;
				TARGETED_DEVICE_FAMILY = "1,2";
			};
			name = Release;
		};
/* End XCBuildConfiguration section */

/* Begin XCConfigurationList section */
		4084791C250147860084260D /* Build configuration list for PBXProject "Armut" */ = {
			isa = XCConfigurationList;
			buildConfigurations = (
				40847933250147870084260D /* Debug */,
				40847934250147870084260D /* Release */,
			);
			defaultConfigurationIsVisible = 0;
			defaultConfigurationName = Release;
		};
		40847935250147870084260D /* Build configuration list for PBXNativeTarget "Armut" */ = {
			isa = XCConfigurationList;
			buildConfigurations = (
				40847936250147870084260D /* Debug */,
				40847937250147870084260D /* Release */,
			);
			defaultConfigurationIsVisible = 0;
			defaultConfigurationName = Release;
		};
/* End XCConfigurationList section */
	};
	rootObject = 40847919250147860084260D /* Project object */;
}
